
Microsoft Visual Studio Solution File, Format Version 12.00
# Visual Studio 15
VisualStudioVersion = 15.0.27703.2042
MinimumVisualStudioVersion = 10.0.40219.1
Project("{8BC9CEB8-8B4A-11D0-8D11-00A0C91BC942}") = "JniAtomiThreadPool_VS", "JniAtomiThreadPool_VS.vcxproj", "{50C8DCEE-CAFF-42E0-9B3B-9A8E76FF7D9D}"
EndProject
Global
	GlobalSection(SolutionConfigurationPlatforms) = preSolution
		Debug|x64 = Debug|x64
		Debug|x86 = Debug|x86
		FullPackMT|x64 = FullPackMT|x64
		FullPackMT|x86 = FullPackMT|x86
		Release|x64 = Release|x64
		Release|x86 = Release|x86
	EndGlobalSection
	GlobalSection(ProjectConfigurationPlatforms) = postSolution
		{50C8DCEE-CAFF-42E0-9B3B-9A8E76FF7D9D}.Debug|x64.ActiveCfg = Debug|x64
		{50C8DCEE-CAFF-42E0-9B3B-9A8E76FF7D9D}.Debug|x64.Build.0 = Debug|x64
		{50C8DCEE-CAFF-42E0-9B3B-9A8E76FF7D9D}.Debug|x86.ActiveCfg = Debug|Win32
		{50C8DCEE-CAFF-42E0-9B3B-9A8E76FF7D9D}.Debug|x86.Build.0 = Debug|Win32
		{50C8DCEE-CAFF-42E0-9B3B-9A8E76FF7D9D}.FullPackMT|x64.ActiveCfg = FullPackMT|x64
		{50C8DCEE-CAFF-42E0-9B3B-9A8E76FF7D9D}.FullPackMT|x64.Build.0 = FullPackMT|x64
		{50C8DCEE-CAFF-42E0-9B3B-9A8E76FF7D9D}.FullPackMT|x86.ActiveCfg = FullPackMT|Win32
		{50C8DCEE-CAFF-42E0-9B3B-9A8E76FF7D9D}.FullPackMT|x86.Build.0 = FullPackMT|Win32
		{50C8DCEE-CAFF-42E0-9B3B-9A8E76FF7D9D}.Release|x64.ActiveCfg = Release|x64
		{50C8DCEE-CAFF-42E0-9B3B-9A8E76FF7D9D}.Release|x64.Build.0 = Release|x64
		{50C8DCEE-CAFF-42E0-9B3B-9A8E76FF7D9D}.Release|x86.ActiveCfg = Release|Win32
		{50C8DCEE-CAFF-42E0-9B3B-9A8E76FF7D9D}.Release|x86.Build.0 = Release|Win32
	EndGlobalSection
	GlobalSection(SolutionProperties) = preSolution
		HideSolutionNode = FALSE
	EndGlobalSection
	GlobalSection(ExtensibilityGlobals) = postSolution
		SolutionGuid = {F32C1D7F-2436-4472-BDED-33D559FF7B26}
	EndGlobalSection
EndGlobal
